<?xml version="1.0" encoding="utf-8"?>
<Project ToolsVersion="4.0" xmlns="http://schemas.microsoft.com/developer/msbuild/2003">
  <ItemGroup>
    <Filter Include="Resource Files">
      <UniqueIdentifier>{67DA6AB6-F800-4c08-8B7A-83BB121AAD01}</UniqueIdentifier>
      <Extensions>rc;ico;cur;bmp;dlg;rc2;rct;bin;rgs;gif;jpg;jpeg;jpe;resx;tiff;tif;png;wav;mfcribbon-ms</Extensions>
    </Filter>
    <Filter Include="Configuration">
      <UniqueIdentifier>{4b926208-e5d6-493e-bce5-8f690d5591c7}</UniqueIdentifier>
    </Filter>
    <Filter Include="Menu">
      <UniqueIdentifier>{5501091b-37fd-4e44-9cbc-444fd0b831db}</UniqueIdentifier>
    </Filter>
    <Filter Include="Driver">
      <UniqueIdentifier>{4FC737F1-C7A5-4376-A066-2A32D752A2FF}</UniqueIdentifier>
      <Extensions>cpp;c;cc;cxx;def;odl;idl;hpj;bat;asm;asmx</Extensions>
    </Filter>
  </ItemGroup>
  <ItemGroup>
    <ClInclude Include="Load.h">
      <Filter>Configuration</Filter>
    </ClInclude>
    <ClInclude Include="Save.h">
      <Filter>Configuration</Filter>
    </ClInclude>
    <ClInclude Include="Config.h">
      <Filter>Configuration</Filter>
    </ClInclude>
    <ClInclude Include="Menu.h">
      <Filter>Menu</Filter>
    </ClInclude>
    <ClInclude Include="Messages.h">
      <Filter>Menu</Filter>
    </ClInclude>
    <ClInclude Include="Parse.h">
      <Filter>Menu</Filter>
    </ClInclude>
    <ClInclude Include="Class.h">
      <Filter>Driver</Filter>
    </ClInclude>
    <ClInclude Include="Modes.h">
      <Filter>Menu</Filter>
    </ClInclude>
  </ItemGroup>
  <ItemGroup>
    <ClCompile Include="Main.cpp">
      <Filter>Driver</Filter>
    </ClCompile>
    <ClCompile Include="Load.cpp">
      <Filter>Configuration</Filter>
    </ClCompile>
    <ClCompile Include="Save.cpp">
      <Filter>Configuration</Filter>
    </ClCompile>
    <ClCompile Include="Config.cpp">
      <Filter>Configuration</Filter>
    </ClCompile>
    <ClCompile Include="Menu.cpp">
      <Filter>Menu</Filter>
    </ClCompile>
    <ClCompile Include="Parse.cpp">
      <Filter>Menu</Filter>
    </ClCompile>
    <ClCompile Include="Modes.cpp">
      <Filter>Menu</Filter>
    </ClCompile>
  </ItemGroup>
  <ItemGroup>
    <ResourceCompile Include="BlindAid.rc">
      <Filter>Resource Files</Filter>
    </ResourceCompile>
    <ResourceCompile Include="BlindAid1.rc">
      <Filter>Resource Files</Filter>
    </ResourceCompile>
  </ItemGroup>
  <ItemGroup>
    <Image Include="icon.ico">
      <Filter>Resource Files</Filter>
    </Image>
  </ItemGroup>
</Project>