<?xml version="1.0" encoding="utf-8"?>
<Project ToolsVersion="4.0" xmlns="http://schemas.microsoft.com/developer/msbuild/2003">
  <ItemGroup>
    <Filter Include="Source Files">
      <UniqueIdentifier>{4FC737F1-C7A5-4376-A066-2A32D752A2FF}</UniqueIdentifier>
      <Extensions>cpp;c;cc;cxx;def;odl;idl;hpj;bat;asm;asmx</Extensions>
    </Filter>
    <Filter Include="Header Files">
      <UniqueIdentifier>{93995380-89BD-4b04-88EB-625FBE52EBFB}</UniqueIdentifier>
      <Extensions>h;hh;hpp;hxx;hm;inl;inc;xsd</Extensions>
    </Filter>
    <Filter Include="Resource Files">
      <UniqueIdentifier>{67DA6AB6-F800-4c08-8B7A-83BB121AAD01}</UniqueIdentifier>
      <Extensions>rc;ico;cur;bmp;dlg;rc2;rct;bin;rgs;gif;jpg;jpeg;jpe;resx;tiff;tif;png;wav;mfcribbon-ms</Extensions>
    </Filter>
    <Filter Include="Interfaces">
      <UniqueIdentifier>{3d1eb98a-26df-4ffe-91d7-046ec1e72114}</UniqueIdentifier>
    </Filter>
    <Filter Include="Parameters">
      <UniqueIdentifier>{e9c2f4db-be08-4d0f-95af-778115441091}</UniqueIdentifier>
    </Filter>
  </ItemGroup>
  <ItemGroup>
    <ClInclude Include="Serial.h">
      <Filter>Resource Files</Filter>
    </ClInclude>
    <ClInclude Include="DepthObstacle.h">
      <Filter>Header Files</Filter>
    </ClInclude>
    <ClInclude Include="StopSign.h">
      <Filter>Header Files</Filter>
    </ClInclude>
    <ClInclude Include="TrafficLightBlobDetector.h">
      <Filter>Header Files</Filter>
    </ClInclude>
    <ClInclude Include="TrafficLightDeepLearning.h">
      <Filter>Header Files</Filter>
    </ClInclude>
    <ClInclude Include="CaptureRealtime.h">
      <Filter>Header Files</Filter>
    </ClInclude>
    <ClInclude Include="ControlRealtime.h">
      <Filter>Header Files</Filter>
    </ClInclude>
    <ClInclude Include="Core.h">
      <Filter>Header Files</Filter>
    </ClInclude>
    <ClInclude Include="Display.h">
      <Filter>Header Files</Filter>
    </ClInclude>
    <ClInclude Include="Record.h">
      <Filter>Header Files</Filter>
    </ClInclude>
    <ClInclude Include="Vision.h">
      <Filter>Header Files</Filter>
    </ClInclude>
    <ClInclude Include="CaptureSimulate.h">
      <Filter>Header Files</Filter>
    </ClInclude>
    <ClInclude Include="ControlSimulate.h">
      <Filter>Header Files</Filter>
    </ClInclude>
    <ClInclude Include="IData.h">
      <Filter>Interfaces</Filter>
    </ClInclude>
    <ClInclude Include="IModule.h">
      <Filter>Interfaces</Filter>
    </ClInclude>
    <ClInclude Include="IParameters.h">
      <Filter>Interfaces</Filter>
    </ClInclude>
    <ClInclude Include="IResult.h">
      <Filter>Interfaces</Filter>
    </ClInclude>
    <ClInclude Include="CaptureParameters.h">
      <Filter>Parameters</Filter>
    </ClInclude>
    <ClInclude Include="ControlParameters.h">
      <Filter>Parameters</Filter>
    </ClInclude>
    <ClInclude Include="VisionParameters.h">
      <Filter>Parameters</Filter>
    </ClInclude>
    <ClInclude Include="IDetect.h">
      <Filter>Interfaces</Filter>
    </ClInclude>
    <ClInclude Include="TrafficLight.h">
      <Filter>Header Files</Filter>
    </ClInclude>
    <ClInclude Include="Capture.h">
      <Filter>Header Files</Filter>
    </ClInclude>
    <ClInclude Include="Control.h">
      <Filter>Header Files</Filter>
    </ClInclude>
    <ClInclude Include="BaseCapture.h">
      <Filter>Header Files</Filter>
    </ClInclude>
    <ClInclude Include="BaseControl.h">
      <Filter>Header Files</Filter>
    </ClInclude>
  </ItemGroup>
  <ItemGroup>
    <ClCompile Include="Serial.cpp">
      <Filter>Resource Files</Filter>
    </ClCompile>
    <ClCompile Include="DepthObstacle.cpp">
      <Filter>Source Files</Filter>
    </ClCompile>
    <ClCompile Include="StopSign.cpp">
      <Filter>Source Files</Filter>
    </ClCompile>
    <ClCompile Include="TrafficLightBlobDetector.cpp">
      <Filter>Source Files</Filter>
    </ClCompile>
    <ClCompile Include="TrafficLightDeepLearning.cpp">
      <Filter>Source Files</Filter>
    </ClCompile>
    <ClCompile Include="CaptureRealtime.cpp">
      <Filter>Source Files</Filter>
    </ClCompile>
    <ClCompile Include="ControlRealtime.cpp">
      <Filter>Source Files</Filter>
    </ClCompile>
    <ClCompile Include="Core.cpp">
      <Filter>Source Files</Filter>
    </ClCompile>
    <ClCompile Include="Display.cpp">
      <Filter>Source Files</Filter>
    </ClCompile>
    <ClCompile Include="Record.cpp">
      <Filter>Source Files</Filter>
    </ClCompile>
    <ClCompile Include="Vision.cpp">
      <Filter>Source Files</Filter>
    </ClCompile>
    <ClCompile Include="CaptureSimulate.cpp">
      <Filter>Source Files</Filter>
    </ClCompile>
    <ClCompile Include="ControlSimulate.cpp">
      <Filter>Source Files</Filter>
    </ClCompile>
    <ClCompile Include="Capture.cpp">
      <Filter>Source Files</Filter>
    </ClCompile>
    <ClCompile Include="Control.cpp">
      <Filter>Source Files</Filter>
    </ClCompile>
    <ClCompile Include="TrafficLight.cpp">
      <Filter>Source Files</Filter>
    </ClCompile>
    <ClCompile Include="BaseCapture.cpp">
      <Filter>Source Files</Filter>
    </ClCompile>
    <ClCompile Include="BaseControl.cpp">
      <Filter>Source Files</Filter>
    </ClCompile>
  </ItemGroup>
</Project>