<?xml version="1.0" encoding="utf-8"?>
<Project ToolsVersion="4.0" xmlns="http://schemas.microsoft.com/developer/msbuild/2003">
  <ItemGroup>
    <Filter Include="Source Files">
      <UniqueIdentifier>{4FC737F1-C7A5-4376-A066-2A32D752A2FF}</UniqueIdentifier>
      <Extensions>cpp;c;cc;cxx;def;odl;idl;hpj;bat;asm;asmx</Extensions>
    </Filter>
    <Filter Include="Header Files">
      <UniqueIdentifier>{93995380-89BD-4b04-88EB-625FBE52EBFB}</UniqueIdentifier>
      <Extensions>h;hh;hpp;hxx;hm;inl;inc;xsd</Extensions>
    </Filter>
    <Filter Include="Resource Files">
      <UniqueIdentifier>{67DA6AB6-F800-4c08-8B7A-83BB121AAD01}</UniqueIdentifier>
      <Extensions>rc;ico;cur;bmp;dlg;rc2;rct;bin;rgs;gif;jpg;jpeg;jpe;resx;tiff;tif;png;wav;mfcribbon-ms</Extensions>
    </Filter>
  </ItemGroup>
  <ItemGroup>
    <ClInclude Include="SimulateCapture.h">
      <Filter>Header Files</Filter>
    </ClInclude>
    <ClInclude Include="SimulateControl.h">
      <Filter>Header Files</Filter>
    </ClInclude>
    <ClInclude Include="DetectDepthObstacle.h">
      <Filter>Header Files</Filter>
    </ClInclude>
    <ClInclude Include="DetectFace.h">
      <Filter>Header Files</Filter>
    </ClInclude>
    <ClInclude Include="DetectStopSign.h">
      <Filter>Header Files</Filter>
    </ClInclude>
    <ClInclude Include="DetectTrafficLight.h">
      <Filter>Header Files</Filter>
    </ClInclude>
    <ClInclude Include="DetectVehicle.h">
      <Filter>Header Files</Filter>
    </ClInclude>
    <ClInclude Include="IModule.h">
      <Filter>Header Files</Filter>
    </ClInclude>
    <ClInclude Include="IParameters.h">
      <Filter>Header Files</Filter>
    </ClInclude>
    <ClInclude Include="IData.h">
      <Filter>Header Files</Filter>
    </ClInclude>
    <ClInclude Include="..\..\..\..\Users\patri\Downloads\librealsense-master\librealsense-master\examples\example.hpp">
      <Filter>Header Files</Filter>
    </ClInclude>
    <ClInclude Include="ModuleRecord.h">
      <Filter>Header Files</Filter>
    </ClInclude>
    <ClInclude Include="ModuleVision.h">
      <Filter>Header Files</Filter>
    </ClInclude>
    <ClInclude Include="ModuleDisplay.h">
      <Filter>Header Files</Filter>
    </ClInclude>
    <ClInclude Include="ModuleCore.h">
      <Filter>Header Files</Filter>
    </ClInclude>
    <ClInclude Include="ModuleControl.h">
      <Filter>Header Files</Filter>
    </ClInclude>
    <ClInclude Include="ModuleCapture.h">
      <Filter>Header Files</Filter>
    </ClInclude>
  </ItemGroup>
  <ItemGroup>
    <ClCompile Include="ModuleControl.cpp">
      <Filter>Source Files</Filter>
    </ClCompile>
    <ClCompile Include="ModuleCore.cpp">
      <Filter>Source Files</Filter>
    </ClCompile>
    <ClCompile Include="ModuleDisplay.cpp">
      <Filter>Source Files</Filter>
    </ClCompile>
    <ClCompile Include="ModuleVision.cpp">
      <Filter>Source Files</Filter>
    </ClCompile>
    <ClCompile Include="SimulateCapture.cpp">
      <Filter>Source Files</Filter>
    </ClCompile>
    <ClCompile Include="SimulateControl.cpp">
      <Filter>Source Files</Filter>
    </ClCompile>
    <ClCompile Include="DetectDepthObstacle.cpp">
      <Filter>Source Files</Filter>
    </ClCompile>
    <ClCompile Include="DetectFace.cpp">
      <Filter>Source Files</Filter>
    </ClCompile>
    <ClCompile Include="DetectStopSign.cpp">
      <Filter>Source Files</Filter>
    </ClCompile>
    <ClCompile Include="DetectTrafficLight.cpp">
      <Filter>Source Files</Filter>
    </ClCompile>
    <ClCompile Include="DetectVehicle.cpp">
      <Filter>Source Files</Filter>
    </ClCompile>
    <ClCompile Include="ModuleCapture.cpp">
      <Filter>Source Files</Filter>
    </ClCompile>
    <ClCompile Include="ModuleRecord.cpp">
      <Filter>Source Files</Filter>
    </ClCompile>
  </ItemGroup>
</Project>