<?xml version="1.0" encoding="utf-8"?>
<Project ToolsVersion="4.0" xmlns="http://schemas.microsoft.com/developer/msbuild/2003">
  <ItemGroup>
    <Filter Include="Source Files">
      <UniqueIdentifier>{4FC737F1-C7A5-4376-A066-2A32D752A2FF}</UniqueIdentifier>
      <Extensions>cpp;c;cc;cxx;def;odl;idl;hpj;bat;asm;asmx</Extensions>
    </Filter>
    <Filter Include="Header Files">
      <UniqueIdentifier>{93995380-89BD-4b04-88EB-625FBE52EBFB}</UniqueIdentifier>
      <Extensions>h;hh;hpp;hxx;hm;inl;inc;xsd</Extensions>
    </Filter>
    <Filter Include="Resource Files">
      <UniqueIdentifier>{67DA6AB6-F800-4c08-8B7A-83BB121AAD01}</UniqueIdentifier>
      <Extensions>rc;ico;cur;bmp;dlg;rc2;rct;bin;rgs;gif;jpg;jpeg;jpe;resx;tiff;tif;png;wav;mfcribbon-ms</Extensions>
    </Filter>
  </ItemGroup>
  <ItemGroup>
    <ClInclude Include="..\BlindAid\DetectFace.h">
      <Filter>Header Files</Filter>
    </ClInclude>
    <ClInclude Include="..\BlindAid\DetectStopSign.h">
      <Filter>Header Files</Filter>
    </ClInclude>
    <ClInclude Include="..\BlindAid\DetectTrafficLight.h">
      <Filter>Header Files</Filter>
    </ClInclude>
    <ClInclude Include="..\BlindAid\DetectVehicle.h">
      <Filter>Header Files</Filter>
    </ClInclude>
    <ClInclude Include="..\BlindAid\IModule.h">
      <Filter>Header Files</Filter>
    </ClInclude>
    <ClInclude Include="..\BlindAid\IParameters.h">
      <Filter>Header Files</Filter>
    </ClInclude>
    <ClInclude Include="..\BlindAid\IResults.h">
      <Filter>Header Files</Filter>
    </ClInclude>
    <ClInclude Include="..\BlindAid\ModuleCapture.h">
      <Filter>Header Files</Filter>
    </ClInclude>
    <ClInclude Include="..\BlindAid\ModuleControl.h">
      <Filter>Header Files</Filter>
    </ClInclude>
    <ClInclude Include="..\BlindAid\ModuleCore.h">
      <Filter>Header Files</Filter>
    </ClInclude>
    <ClInclude Include="..\BlindAid\ModuleDisplay.h">
      <Filter>Header Files</Filter>
    </ClInclude>
    <ClInclude Include="..\BlindAid\ModuleVision.h">
      <Filter>Header Files</Filter>
    </ClInclude>
    <ClInclude Include="..\BlindAid\SimulateCapture.h">
      <Filter>Header Files</Filter>
    </ClInclude>
    <ClInclude Include="..\BlindAid\SimulateControl.h">
      <Filter>Header Files</Filter>
    </ClInclude>
  </ItemGroup>
  <ItemGroup>
    <ClCompile Include="..\BlindAid\DetectDepthObstacle.cpp">
      <Filter>Source Files</Filter>
    </ClCompile>
    <ClCompile Include="..\BlindAid\DetectFace.cpp">
      <Filter>Source Files</Filter>
    </ClCompile>
    <ClCompile Include="..\BlindAid\DetectStopSign.cpp">
      <Filter>Source Files</Filter>
    </ClCompile>
    <ClCompile Include="..\BlindAid\DetectTrafficLight.cpp">
      <Filter>Source Files</Filter>
    </ClCompile>
    <ClCompile Include="..\BlindAid\DetectVehicle.cpp">
      <Filter>Source Files</Filter>
    </ClCompile>
    <ClCompile Include="..\BlindAid\ModuleCapture.cpp">
      <Filter>Source Files</Filter>
    </ClCompile>
    <ClCompile Include="..\BlindAid\ModuleControl.cpp">
      <Filter>Source Files</Filter>
    </ClCompile>
    <ClCompile Include="..\BlindAid\ModuleCore.cpp">
      <Filter>Source Files</Filter>
    </ClCompile>
    <ClCompile Include="..\BlindAid\ModuleDisplay.cpp">
      <Filter>Source Files</Filter>
    </ClCompile>
    <ClCompile Include="..\BlindAid\ModuleVision.cpp">
      <Filter>Source Files</Filter>
    </ClCompile>
    <ClCompile Include="..\BlindAid\SimulateCapture.cpp">
      <Filter>Source Files</Filter>
    </ClCompile>
    <ClCompile Include="..\BlindAid\SimulateControl.cpp">
      <Filter>Source Files</Filter>
    </ClCompile>
  </ItemGroup>
</Project>