<?xml version="1.0" encoding="utf-8"?>
<Project ToolsVersion="4.0" xmlns="http://schemas.microsoft.com/developer/msbuild/2003">
  <ItemGroup>
    <Filter Include="Parameters">
      <UniqueIdentifier>{e9c2f4db-be08-4d0f-95af-778115441091}</UniqueIdentifier>
    </Filter>
    <Filter Include="Data">
      <UniqueIdentifier>{548b12a5-3108-4d72-94e9-17b8e4874500}</UniqueIdentifier>
    </Filter>
    <Filter Include="Modules">
      <UniqueIdentifier>{7bbf3bd4-dc00-415d-8e8b-8c493db44177}</UniqueIdentifier>
    </Filter>
    <Filter Include="Detectors">
      <UniqueIdentifier>{faa163a0-cded-41ca-a974-9835cf9260ed}</UniqueIdentifier>
    </Filter>
    <Filter Include="Results">
      <UniqueIdentifier>{653dfcd7-9e65-4681-bfcf-b161889fee6c}</UniqueIdentifier>
    </Filter>
    <Filter Include="Utilities">
      <UniqueIdentifier>{fdfacc92-2440-43fa-8355-07efa2c8db56}</UniqueIdentifier>
    </Filter>
    <Filter Include="Modules\Header">
      <UniqueIdentifier>{cc34abf5-dfa9-4a69-a76c-b4914a57fdaf}</UniqueIdentifier>
    </Filter>
    <Filter Include="Modules\Source">
      <UniqueIdentifier>{fead9e9d-06b5-4401-b4f7-f4aaf7fd55fd}</UniqueIdentifier>
    </Filter>
    <Filter Include="Detectors\Header">
      <UniqueIdentifier>{6c9d92aa-da39-44fa-9ab5-93cbbe17db4c}</UniqueIdentifier>
    </Filter>
    <Filter Include="Detectors\Source">
      <UniqueIdentifier>{2803bdbe-2c72-4f76-a1b7-6c9e18584725}</UniqueIdentifier>
    </Filter>
  </ItemGroup>
  <ItemGroup>
    <ClInclude Include="Data\CaptureData.h">
      <Filter>Data</Filter>
    </ClInclude>
    <ClInclude Include="Data\ControlData.h">
      <Filter>Data</Filter>
    </ClInclude>
    <ClInclude Include="Data\CoreData.h">
      <Filter>Data</Filter>
    </ClInclude>
    <ClInclude Include="Data\DepthObstacleData.h">
      <Filter>Data</Filter>
    </ClInclude>
    <ClInclude Include="Data\IData.h">
      <Filter>Data</Filter>
    </ClInclude>
    <ClInclude Include="Data\TrafficLightData.h">
      <Filter>Data</Filter>
    </ClInclude>
    <ClInclude Include="Data\VisionData.h">
      <Filter>Data</Filter>
    </ClInclude>
    <ClInclude Include="Parameters\CaptureParameters.h">
      <Filter>Parameters</Filter>
    </ClInclude>
    <ClInclude Include="Parameters\ControlParameters.h">
      <Filter>Parameters</Filter>
    </ClInclude>
    <ClInclude Include="Parameters\CoreParameters.h">
      <Filter>Parameters</Filter>
    </ClInclude>
    <ClInclude Include="Parameters\DepthObstacleParameters.h">
      <Filter>Parameters</Filter>
    </ClInclude>
    <ClInclude Include="Parameters\GlobalParameters.h">
      <Filter>Parameters</Filter>
    </ClInclude>
    <ClInclude Include="Parameters\IParameters.h">
      <Filter>Parameters</Filter>
    </ClInclude>
    <ClInclude Include="Parameters\TrafficLightParameters.h">
      <Filter>Parameters</Filter>
    </ClInclude>
    <ClInclude Include="Parameters\VisionParameters.h">
      <Filter>Parameters</Filter>
    </ClInclude>
    <ClInclude Include="Results\DepthObstacleResult.h">
      <Filter>Results</Filter>
    </ClInclude>
    <ClInclude Include="Results\IResult.h">
      <Filter>Results</Filter>
    </ClInclude>
    <ClInclude Include="Results\TrafficLightResult.h">
      <Filter>Results</Filter>
    </ClInclude>
    <ClInclude Include="Utilities\Serial.h">
      <Filter>Utilities</Filter>
    </ClInclude>
    <ClInclude Include="Utilities\SerialPort.h">
      <Filter>Utilities</Filter>
    </ClInclude>
    <ClInclude Include="Modules\Capture.h">
      <Filter>Modules\Header</Filter>
    </ClInclude>
    <ClInclude Include="Modules\CaptureRealtime.h">
      <Filter>Modules\Header</Filter>
    </ClInclude>
    <ClInclude Include="Modules\CaptureSimulate.h">
      <Filter>Modules\Header</Filter>
    </ClInclude>
    <ClInclude Include="Modules\Control.h">
      <Filter>Modules\Header</Filter>
    </ClInclude>
    <ClInclude Include="Modules\ControlRealtime.h">
      <Filter>Modules\Header</Filter>
    </ClInclude>
    <ClInclude Include="Modules\ControlSimulate.h">
      <Filter>Modules\Header</Filter>
    </ClInclude>
    <ClInclude Include="Modules\Core.h">
      <Filter>Modules\Header</Filter>
    </ClInclude>
    <ClInclude Include="Modules\Display.h">
      <Filter>Modules\Header</Filter>
    </ClInclude>
    <ClInclude Include="Modules\IModule.h">
      <Filter>Modules\Header</Filter>
    </ClInclude>
    <ClInclude Include="Modules\Logger.h">
      <Filter>Modules\Header</Filter>
    </ClInclude>
    <ClInclude Include="Modules\Record.h">
      <Filter>Modules\Header</Filter>
    </ClInclude>
    <ClInclude Include="Modules\Vision.h">
      <Filter>Modules\Header</Filter>
    </ClInclude>
    <ClInclude Include="Detectors\DepthObstacle.h">
      <Filter>Detectors\Header</Filter>
    </ClInclude>
    <ClInclude Include="Detectors\DepthObstacleFixedRegions.h">
      <Filter>Detectors\Header</Filter>
    </ClInclude>
    <ClInclude Include="Detectors\DepthObstacleHandPosition.h">
      <Filter>Detectors\Header</Filter>
    </ClInclude>
    <ClInclude Include="Detectors\IDetect.h">
      <Filter>Detectors\Header</Filter>
    </ClInclude>
    <ClInclude Include="Detectors\TrafficLight.h">
      <Filter>Detectors\Header</Filter>
    </ClInclude>
    <ClInclude Include="Detectors\TrafficLightBlobDetector.h">
      <Filter>Detectors\Header</Filter>
    </ClInclude>
    <ClInclude Include="Detectors\TrafficLightDeepLearning.h">
      <Filter>Detectors\Header</Filter>
    </ClInclude>
    <ClInclude Include="Parameters\DisplayParameters.h">
      <Filter>Parameters</Filter>
    </ClInclude>
    <ClInclude Include="Parameters\RecordParameters.h">
      <Filter>Parameters</Filter>
    </ClInclude>
    <ClInclude Include="Data\RecordData.h">
      <Filter>Data</Filter>
    </ClInclude>
    <ClInclude Include="Data\DisplayData.h">
      <Filter>Data</Filter>
    </ClInclude>
  </ItemGroup>
  <ItemGroup>
    <ClCompile Include="Utilities\Serial.cpp">
      <Filter>Utilities</Filter>
    </ClCompile>
    <ClCompile Include="Utilities\SerialPort.cpp">
      <Filter>Utilities</Filter>
    </ClCompile>
    <ClCompile Include="Modules\Capture.cpp">
      <Filter>Modules\Source</Filter>
    </ClCompile>
    <ClCompile Include="Modules\CaptureRealtime.cpp">
      <Filter>Modules\Source</Filter>
    </ClCompile>
    <ClCompile Include="Modules\CaptureSimulate.cpp">
      <Filter>Modules\Source</Filter>
    </ClCompile>
    <ClCompile Include="Modules\Control.cpp">
      <Filter>Modules\Source</Filter>
    </ClCompile>
    <ClCompile Include="Modules\ControlRealtime.cpp">
      <Filter>Modules\Source</Filter>
    </ClCompile>
    <ClCompile Include="Modules\ControlSimulate.cpp">
      <Filter>Modules\Source</Filter>
    </ClCompile>
    <ClCompile Include="Modules\Core.cpp">
      <Filter>Modules\Source</Filter>
    </ClCompile>
    <ClCompile Include="Modules\Display.cpp">
      <Filter>Modules\Source</Filter>
    </ClCompile>
    <ClCompile Include="Modules\Logger.cpp">
      <Filter>Modules\Source</Filter>
    </ClCompile>
    <ClCompile Include="Modules\Record.cpp">
      <Filter>Modules\Source</Filter>
    </ClCompile>
    <ClCompile Include="Modules\Vision.cpp">
      <Filter>Modules\Source</Filter>
    </ClCompile>
    <ClCompile Include="Detectors\DepthObstacle.cpp">
      <Filter>Detectors\Source</Filter>
    </ClCompile>
    <ClCompile Include="Detectors\DepthObstacleFixedRegions.cpp">
      <Filter>Detectors\Source</Filter>
    </ClCompile>
    <ClCompile Include="Detectors\DepthObstacleHandPosition.cpp">
      <Filter>Detectors\Source</Filter>
    </ClCompile>
    <ClCompile Include="Detectors\TrafficLight.cpp">
      <Filter>Detectors\Source</Filter>
    </ClCompile>
    <ClCompile Include="Detectors\TrafficLightBlobDetector.cpp">
      <Filter>Detectors\Source</Filter>
    </ClCompile>
    <ClCompile Include="Detectors\TrafficLightDeepLearning.cpp">
      <Filter>Detectors\Source</Filter>
    </ClCompile>
  </ItemGroup>
</Project>